// !$*UTF8*$!
{
	archiveVersion = 1;
	classes = {
	};
	objectVersion = 55;
	objects = {

/* Begin PBXBuildFile section */
		89BFCFC128B160EB00D3CA6F /* Alamofire in Frameworks */ = {isa = PBXBuildFile; productRef = 89BFCFC028B160EB00D3CA6F /* Alamofire */; };
		89BFCFC328B161ED00D3CA6F /* APIConstants.swift in Sources */ = {isa = PBXBuildFile; fileRef = 89BFCFC228B161ED00D3CA6F /* APIConstants.swift */; };
		89BFCFC528B1623E00D3CA6F /* QuizModel.swift in Sources */ = {isa = PBXBuildFile; fileRef = 89BFCFC428B1623E00D3CA6F /* QuizModel.swift */; };
		89BFCFC828B1635800D3CA6F /* QuizService.swift in Sources */ = {isa = PBXBuildFile; fileRef = 89BFCFC728B1635800D3CA6F /* QuizService.swift */; };
		89BFCFCA28B1659E00D3CA6F /* MyRequestInterceptor.swift in Sources */ = {isa = PBXBuildFile; fileRef = 89BFCFC928B1659E00D3CA6F /* MyRequestInterceptor.swift */; };
		89BFCFCC28B16A1F00D3CA6F /* UserInfoModel.swift in Sources */ = {isa = PBXBuildFile; fileRef = 89BFCFCB28B16A1F00D3CA6F /* UserInfoModel.swift */; };
		89BFCFCE28B16D2000D3CA6F /* AuthService.swift in Sources */ = {isa = PBXBuildFile; fileRef = 89BFCFCD28B16D2000D3CA6F /* AuthService.swift */; };
		89BFCFD028B179B600D3CA6F /* NewQuizModel.swift in Sources */ = {isa = PBXBuildFile; fileRef = 89BFCFCF28B179B600D3CA6F /* NewQuizModel.swift */; };
		89C04E1A28B0437300612DF0 /* AppDelegate.swift in Sources */ = {isa = PBXBuildFile; fileRef = 89C04E1928B0437300612DF0 /* AppDelegate.swift */; };
		89C04E1C28B0437300612DF0 /* SceneDelegate.swift in Sources */ = {isa = PBXBuildFile; fileRef = 89C04E1B28B0437300612DF0 /* SceneDelegate.swift */; };
		89C04E1E28B0437300612DF0 /* MainViewController.swift in Sources */ = {isa = PBXBuildFile; fileRef = 89C04E1D28B0437300612DF0 /* MainViewController.swift */; };
		89C04E2128B0437300612DF0 /* Main.storyboard in Resources */ = {isa = PBXBuildFile; fileRef = 89C04E1F28B0437300612DF0 /* Main.storyboard */; };
		89C04E2328B0437600612DF0 /* Assets.xcassets in Resources */ = {isa = PBXBuildFile; fileRef = 89C04E2228B0437600612DF0 /* Assets.xcassets */; };
		89C04E2628B0437600612DF0 /* LaunchScreen.storyboard in Resources */ = {isa = PBXBuildFile; fileRef = 89C04E2428B0437600612DF0 /* LaunchScreen.storyboard */; };
		89C04E3128B0484C00612DF0 /* MainTableViewCell.swift in Sources */ = {isa = PBXBuildFile; fileRef = 89C04E3028B0484C00612DF0 /* MainTableViewCell.swift */; };
		89C04E3328B048DC00612DF0 /* ProfileImageList.swift in Sources */ = {isa = PBXBuildFile; fileRef = 89C04E3228B048DC00612DF0 /* ProfileImageList.swift */; };
		89C04E3528B04E0C00612DF0 /* CreateViewController.swift in Sources */ = {isa = PBXBuildFile; fileRef = 89C04E3428B04E0C00612DF0 /* CreateViewController.swift */; };
		89C04E3728B053F200612DF0 /* CreateAnswerViewController.swift in Sources */ = {isa = PBXBuildFile; fileRef = 89C04E3628B053F200612DF0 /* CreateAnswerViewController.swift */; };
		89C04E3928B0AA7C00612DF0 /* TrueFalseTableViewCell.swift in Sources */ = {isa = PBXBuildFile; fileRef = 89C04E3828B0AA7C00612DF0 /* TrueFalseTableViewCell.swift */; };
		89C04E3B28B0AAB700612DF0 /* EssayTableViewCell.swift in Sources */ = {isa = PBXBuildFile; fileRef = 89C04E3A28B0AAB700612DF0 /* EssayTableViewCell.swift */; };
		89C04E3E28B0C89900612DF0 /* LoginViewController.swift in Sources */ = {isa = PBXBuildFile; fileRef = 89C04E3D28B0C89900612DF0 /* LoginViewController.swift */; };
		89C04E4028B0C99900612DF0 /* SignUpViewController.swift in Sources */ = {isa = PBXBuildFile; fileRef = 89C04E3F28B0C99900612DF0 /* SignUpViewController.swift */; };
/* End PBXBuildFile section */

/* Begin PBXFileReference section */
		89BFCFC228B161ED00D3CA6F /* APIConstants.swift */ = {isa = PBXFileReference; lastKnownFileType = sourcecode.swift; path = APIConstants.swift; sourceTree = "<group>"; };
		89BFCFC428B1623E00D3CA6F /* QuizModel.swift */ = {isa = PBXFileReference; lastKnownFileType = sourcecode.swift; path = QuizModel.swift; sourceTree = "<group>"; };
		89BFCFC728B1635800D3CA6F /* QuizService.swift */ = {isa = PBXFileReference; lastKnownFileType = sourcecode.swift; path = QuizService.swift; sourceTree = "<group>"; };
		89BFCFC928B1659E00D3CA6F /* MyRequestInterceptor.swift */ = {isa = PBXFileReference; lastKnownFileType = sourcecode.swift; path = MyRequestInterceptor.swift; sourceTree = "<group>"; };
		89BFCFCB28B16A1F00D3CA6F /* UserInfoModel.swift */ = {isa = PBXFileReference; lastKnownFileType = sourcecode.swift; path = UserInfoModel.swift; sourceTree = "<group>"; };
		89BFCFCD28B16D2000D3CA6F /* AuthService.swift */ = {isa = PBXFileReference; lastKnownFileType = sourcecode.swift; path = AuthService.swift; sourceTree = "<group>"; };
		89BFCFCF28B179B600D3CA6F /* NewQuizModel.swift */ = {isa = PBXFileReference; lastKnownFileType = sourcecode.swift; path = NewQuizModel.swift; sourceTree = "<group>"; };
		89C04E1628B0437300612DF0 /* junction-dabda.app */ = {isa = PBXFileReference; explicitFileType = wrapper.application; includeInIndex = 0; path = "junction-dabda.app"; sourceTree = BUILT_PRODUCTS_DIR; };
		89C04E1928B0437300612DF0 /* AppDelegate.swift */ = {isa = PBXFileReference; lastKnownFileType = sourcecode.swift; path = AppDelegate.swift; sourceTree = "<group>"; };
		89C04E1B28B0437300612DF0 /* SceneDelegate.swift */ = {isa = PBXFileReference; lastKnownFileType = sourcecode.swift; path = SceneDelegate.swift; sourceTree = "<group>"; };
		89C04E1D28B0437300612DF0 /* MainViewController.swift */ = {isa = PBXFileReference; lastKnownFileType = sourcecode.swift; path = MainViewController.swift; sourceTree = "<group>"; };
		89C04E2028B0437300612DF0 /* Base */ = {isa = PBXFileReference; lastKnownFileType = file.storyboard; name = Base; path = Base.lproj/Main.storyboard; sourceTree = "<group>"; };
		89C04E2228B0437600612DF0 /* Assets.xcassets */ = {isa = PBXFileReference; lastKnownFileType = folder.assetcatalog; path = Assets.xcassets; sourceTree = "<group>"; };
		89C04E2528B0437600612DF0 /* Base */ = {isa = PBXFileReference; lastKnownFileType = file.storyboard; name = Base; path = Base.lproj/LaunchScreen.storyboard; sourceTree = "<group>"; };
		89C04E2728B0437600612DF0 /* Info.plist */ = {isa = PBXFileReference; lastKnownFileType = text.plist.xml; path = Info.plist; sourceTree = "<group>"; };
		89C04E3028B0484C00612DF0 /* MainTableViewCell.swift */ = {isa = PBXFileReference; lastKnownFileType = sourcecode.swift; path = MainTableViewCell.swift; sourceTree = "<group>"; };
		89C04E3228B048DC00612DF0 /* ProfileImageList.swift */ = {isa = PBXFileReference; lastKnownFileType = sourcecode.swift; path = ProfileImageList.swift; sourceTree = "<group>"; };
		89C04E3428B04E0C00612DF0 /* CreateViewController.swift */ = {isa = PBXFileReference; lastKnownFileType = sourcecode.swift; path = CreateViewController.swift; sourceTree = "<group>"; };
		89C04E3628B053F200612DF0 /* CreateAnswerViewController.swift */ = {isa = PBXFileReference; lastKnownFileType = sourcecode.swift; path = CreateAnswerViewController.swift; sourceTree = "<group>"; };
		89C04E3828B0AA7C00612DF0 /* TrueFalseTableViewCell.swift */ = {isa = PBXFileReference; lastKnownFileType = sourcecode.swift; path = TrueFalseTableViewCell.swift; sourceTree = "<group>"; };
		89C04E3A28B0AAB700612DF0 /* EssayTableViewCell.swift */ = {isa = PBXFileReference; lastKnownFileType = sourcecode.swift; path = EssayTableViewCell.swift; sourceTree = "<group>"; };
		89C04E3D28B0C89900612DF0 /* LoginViewController.swift */ = {isa = PBXFileReference; lastKnownFileType = sourcecode.swift; path = LoginViewController.swift; sourceTree = "<group>"; };
		89C04E3F28B0C99900612DF0 /* SignUpViewController.swift */ = {isa = PBXFileReference; lastKnownFileType = sourcecode.swift; path = SignUpViewController.swift; sourceTree = "<group>"; };
/* End PBXFileReference section */

/* Begin PBXFrameworksBuildPhase section */
		89C04E1328B0437300612DF0 /* Frameworks */ = {
			isa = PBXFrameworksBuildPhase;
			buildActionMask = 2147483647;
			files = (
				89BFCFC128B160EB00D3CA6F /* Alamofire in Frameworks */,
			);
			runOnlyForDeploymentPostprocessing = 0;
		};
/* End PBXFrameworksBuildPhase section */

/* Begin PBXGroup section */
		89BFCFC628B1634600D3CA6F /* Networking */ = {
			isa = PBXGroup;
			children = (
				89C04E2E28B045B600612DF0 /* Model */,
				89BFCFC928B1659E00D3CA6F /* MyRequestInterceptor.swift */,
				89BFCFC728B1635800D3CA6F /* QuizService.swift */,
				89BFCFCD28B16D2000D3CA6F /* AuthService.swift */,
			);
			path = Networking;
			sourceTree = "<group>";
		};
		89C04E0D28B0437300612DF0 = {
			isa = PBXGroup;
			children = (
				89C04E1828B0437300612DF0 /* junction-dabda */,
				89C04E1728B0437300612DF0 /* Products */,
			);
			sourceTree = "<group>";
		};
		89C04E1728B0437300612DF0 /* Products */ = {
			isa = PBXGroup;
			children = (
				89C04E1628B0437300612DF0 /* junction-dabda.app */,
			);
			name = Products;
			sourceTree = "<group>";
		};
		89C04E1828B0437300612DF0 /* junction-dabda */ = {
			isa = PBXGroup;
			children = (
				89BFCFC628B1634600D3CA6F /* Networking */,
				89C04E2F28B0483D00612DF0 /* View */,
				89C04E2D28B045AF00612DF0 /* Controller */,
				89C04E1928B0437300612DF0 /* AppDelegate.swift */,
				89C04E1B28B0437300612DF0 /* SceneDelegate.swift */,
				89C04E1F28B0437300612DF0 /* Main.storyboard */,
				89C04E2228B0437600612DF0 /* Assets.xcassets */,
				89C04E2428B0437600612DF0 /* LaunchScreen.storyboard */,
				89C04E2728B0437600612DF0 /* Info.plist */,
			);
			path = "junction-dabda";
			sourceTree = "<group>";
		};
		89C04E2D28B045AF00612DF0 /* Controller */ = {
			isa = PBXGroup;
			children = (
				89C04E3C28B0C88900612DF0 /* Auth */,
				89C04E1D28B0437300612DF0 /* MainViewController.swift */,
				89C04E3428B04E0C00612DF0 /* CreateViewController.swift */,
				89C04E3628B053F200612DF0 /* CreateAnswerViewController.swift */,
			);
			path = Controller;
			sourceTree = "<group>";
		};
		89C04E2E28B045B600612DF0 /* Model */ = {
			isa = PBXGroup;
			children = (
				89C04E3228B048DC00612DF0 /* ProfileImageList.swift */,
				89BFCFC228B161ED00D3CA6F /* APIConstants.swift */,
				89BFCFC428B1623E00D3CA6F /* QuizModel.swift */,
				89BFCFCB28B16A1F00D3CA6F /* UserInfoModel.swift */,
				89BFCFCF28B179B600D3CA6F /* NewQuizModel.swift */,
			);
			path = Model;
			sourceTree = "<group>";
		};
		89C04E2F28B0483D00612DF0 /* View */ = {
			isa = PBXGroup;
			children = (
				89C04E3028B0484C00612DF0 /* MainTableViewCell.swift */,
				89C04E3828B0AA7C00612DF0 /* TrueFalseTableViewCell.swift */,
				89C04E3A28B0AAB700612DF0 /* EssayTableViewCell.swift */,
			);
			path = View;
			sourceTree = "<group>";
		};
		89C04E3C28B0C88900612DF0 /* Auth */ = {
			isa = PBXGroup;
			children = (
				89C04E3D28B0C89900612DF0 /* LoginViewController.swift */,
				89C04E3F28B0C99900612DF0 /* SignUpViewController.swift */,
			);
			path = Auth;
			sourceTree = "<group>";
		};
/* End PBXGroup section */

/* Begin PBXNativeTarget section */
		89C04E1528B0437300612DF0 /* junction-dabda */ = {
			isa = PBXNativeTarget;
			buildConfigurationList = 89C04E2A28B0437600612DF0 /* Build configuration list for PBXNativeTarget "junction-dabda" */;
			buildPhases = (
				89C04E1228B0437300612DF0 /* Sources */,
				89C04E1328B0437300612DF0 /* Frameworks */,
				89C04E1428B0437300612DF0 /* Resources */,
			);
			buildRules = (
			);
			dependencies = (
			);
			name = "junction-dabda";
			packageProductDependencies = (
				89BFCFC028B160EB00D3CA6F /* Alamofire */,
			);
			productName = "junction-dabda";
			productReference = 89C04E1628B0437300612DF0 /* junction-dabda.app */;
			productType = "com.apple.product-type.application";
		};
/* End PBXNativeTarget section */

/* Begin PBXProject section */
		89C04E0E28B0437300612DF0 /* Project object */ = {
			isa = PBXProject;
			attributes = {
				BuildIndependentTargetsInParallel = 1;
				LastSwiftUpdateCheck = 1330;
				LastUpgradeCheck = 1330;
				TargetAttributes = {
					89C04E1528B0437300612DF0 = {
						CreatedOnToolsVersion = 13.3.1;
					};
				};
			};
			buildConfigurationList = 89C04E1128B0437300612DF0 /* Build configuration list for PBXProject "junction-dabda" */;
			compatibilityVersion = "Xcode 13.0";
			developmentRegion = en;
			hasScannedForEncodings = 0;
			knownRegions = (
				en,
				Base,
			);
			mainGroup = 89C04E0D28B0437300612DF0;
			packageReferences = (
				89BFCFBF28B160EB00D3CA6F /* XCRemoteSwiftPackageReference "Alamofire" */,
			);
			productRefGroup = 89C04E1728B0437300612DF0 /* Products */;
			projectDirPath = "";
			projectRoot = "";
			targets = (
				89C04E1528B0437300612DF0 /* junction-dabda */,
			);
		};
/* End PBXProject section */

/* Begin PBXResourcesBuildPhase section */
		89C04E1428B0437300612DF0 /* Resources */ = {
			isa = PBXResourcesBuildPhase;
			buildActionMask = 2147483647;
			files = (
				89C04E2628B0437600612DF0 /* LaunchScreen.storyboard in Resources */,
				89C04E2328B0437600612DF0 /* Assets.xcassets in Resources */,
				89C04E2128B0437300612DF0 /* Main.storyboard in Resources */,
			);
			runOnlyForDeploymentPostprocessing = 0;
		};
/* End PBXResourcesBuildPhase section */

/* Begin PBXSourcesBuildPhase section */
		89C04E1228B0437300612DF0 /* Sources */ = {
			isa = PBXSourcesBuildPhase;
			buildActionMask = 2147483647;
			files = (
				89C04E4028B0C99900612DF0 /* SignUpViewController.swift in Sources */,
				89C04E1E28B0437300612DF0 /* MainViewController.swift in Sources */,
				89C04E3B28B0AAB700612DF0 /* EssayTableViewCell.swift in Sources */,
				89C04E1A28B0437300612DF0 /* AppDelegate.swift in Sources */,
				89C04E3528B04E0C00612DF0 /* CreateViewController.swift in Sources */,
				89BFCFCA28B1659E00D3CA6F /* MyRequestInterceptor.swift in Sources */,
				89C04E3728B053F200612DF0 /* CreateAnswerViewController.swift in Sources */,
				89C04E3328B048DC00612DF0 /* ProfileImageList.swift in Sources */,
				89BFCFC528B1623E00D3CA6F /* QuizModel.swift in Sources */,
				89BFCFC828B1635800D3CA6F /* QuizService.swift in Sources */,
				89BFCFCC28B16A1F00D3CA6F /* UserInfoModel.swift in Sources */,
				89C04E3928B0AA7C00612DF0 /* TrueFalseTableViewCell.swift in Sources */,
				89C04E3128B0484C00612DF0 /* MainTableViewCell.swift in Sources */,
				89BFCFC328B161ED00D3CA6F /* APIConstants.swift in Sources */,
				89BFCFCE28B16D2000D3CA6F /* AuthService.swift in Sources */,
				89C04E3E28B0C89900612DF0 /* LoginViewController.swift in Sources */,
				89C04E1C28B0437300612DF0 /* SceneDelegate.swift in Sources */,
				89BFCFD028B179B600D3CA6F /* NewQuizModel.swift in Sources */,
			);
			runOnlyForDeploymentPostprocessing = 0;
		};
/* End PBXSourcesBuildPhase section */

/* Begin PBXVariantGroup section */
		89C04E1F28B0437300612DF0 /* Main.storyboard */ = {
			isa = PBXVariantGroup;
			children = (
				89C04E2028B0437300612DF0 /* Base */,
			);
			name = Main.storyboard;
			sourceTree = "<group>";
		};
		89C04E2428B0437600612DF0 /* LaunchScreen.storyboard */ = {
			isa = PBXVariantGroup;
			children = (
				89C04E2528B0437600612DF0 /* Base */,
			);
			name = LaunchScreen.storyboard;
			sourceTree = "<group>";
		};
/* End PBXVariantGroup section */

/* Begin XCBuildConfiguration section */
		89C04E2828B0437600612DF0 /* Debug */ = {
			isa = XCBuildConfiguration;
			buildSettings = {
				ALWAYS_SEARCH_USER_PATHS = NO;
				CLANG_ANALYZER_NONNULL = YES;
				CLANG_ANALYZER_NUMBER_OBJECT_CONVERSION = YES_AGGRESSIVE;
				CLANG_CXX_LANGUAGE_STANDARD = "gnu++17";
				CLANG_ENABLE_MODULES = YES;
				CLANG_ENABLE_OBJC_ARC = YES;
				CLANG_ENABLE_OBJC_WEAK = YES;
				CLANG_WARN_BLOCK_CAPTURE_AUTORELEASING = YES;
				CLANG_WARN_BOOL_CONVERSION = YES;
				CLANG_WARN_COMMA = YES;
				CLANG_WARN_CONSTANT_CONVERSION = YES;
				CLANG_WARN_DEPRECATED_OBJC_IMPLEMENTATIONS = YES;
				CLANG_WARN_DIRECT_OBJC_ISA_USAGE = YES_ERROR;
				CLANG_WARN_DOCUMENTATION_COMMENTS = YES;
				CLANG_WARN_EMPTY_BODY = YES;
				CLANG_WARN_ENUM_CONVERSION = YES;
				CLANG_WARN_INFINITE_RECURSION = YES;
				CLANG_WARN_INT_CONVERSION = YES;
				CLANG_WARN_NON_LITERAL_NULL_CONVERSION = YES;
				CLANG_WARN_OBJC_IMPLICIT_RETAIN_SELF = YES;
				CLANG_WARN_OBJC_LITERAL_CONVERSION = YES;
				CLANG_WARN_OBJC_ROOT_CLASS = YES_ERROR;
				CLANG_WARN_QUOTED_INCLUDE_IN_FRAMEWORK_HEADER = YES;
				CLANG_WARN_RANGE_LOOP_ANALYSIS = YES;
				CLANG_WARN_STRICT_PROTOTYPES = YES;
				CLANG_WARN_SUSPICIOUS_MOVE = YES;
				CLANG_WARN_UNGUARDED_AVAILABILITY = YES_AGGRESSIVE;
				CLANG_WARN_UNREACHABLE_CODE = YES;
				CLANG_WARN__DUPLICATE_METHOD_MATCH = YES;
				COPY_PHASE_STRIP = NO;
				DEBUG_INFORMATION_FORMAT = dwarf;
				ENABLE_STRICT_OBJC_MSGSEND = YES;
				ENABLE_TESTABILITY = YES;
				GCC_C_LANGUAGE_STANDARD = gnu11;
				GCC_DYNAMIC_NO_PIC = NO;
				GCC_NO_COMMON_BLOCKS = YES;
				GCC_OPTIMIZATION_LEVEL = 0;
				GCC_PREPROCESSOR_DEFINITIONS = (
					"DEBUG=1",
					"$(inherited)",
				);
				GCC_WARN_64_TO_32_BIT_CONVERSION = YES;
				GCC_WARN_ABOUT_RETURN_TYPE = YES_ERROR;
				GCC_WARN_UNDECLARED_SELECTOR = YES;
				GCC_WARN_UNINITIALIZED_AUTOS = YES_AGGRESSIVE;
				GCC_WARN_UNUSED_FUNCTION = YES;
				GCC_WARN_UNUSED_VARIABLE = YES;
				IPHONEOS_DEPLOYMENT_TARGET = 15.4;
				MTL_ENABLE_DEBUG_INFO = INCLUDE_SOURCE;
				MTL_FAST_MATH = YES;
				ONLY_ACTIVE_ARCH = YES;
				SDKROOT = iphoneos;
				SWIFT_ACTIVE_COMPILATION_CONDITIONS = DEBUG;
				SWIFT_OPTIMIZATION_LEVEL = "-Onone";
			};
			name = Debug;
		};
		89C04E2928B0437600612DF0 /* Release */ = {
			isa = XCBuildConfiguration;
			buildSettings = {
				ALWAYS_SEARCH_USER_PATHS = NO;
				CLANG_ANALYZER_NONNULL = YES;
				CLANG_ANALYZER_NUMBER_OBJECT_CONVERSION = YES_AGGRESSIVE;
				CLANG_CXX_LANGUAGE_STANDARD = "gnu++17";
				CLANG_ENABLE_MODULES = YES;
				CLANG_ENABLE_OBJC_ARC = YES;
				CLANG_ENABLE_OBJC_WEAK = YES;
				CLANG_WARN_BLOCK_CAPTURE_AUTORELEASING = YES;
				CLANG_WARN_BOOL_CONVERSION = YES;
				CLANG_WARN_COMMA = YES;
				CLANG_WARN_CONSTANT_CONVERSION = YES;
				CLANG_WARN_DEPRECATED_OBJC_IMPLEMENTATIONS = YES;
				CLANG_WARN_DIRECT_OBJC_ISA_USAGE = YES_ERROR;
				CLANG_WARN_DOCUMENTATION_COMMENTS = YES;
				CLANG_WARN_EMPTY_BODY = YES;
				CLANG_WARN_ENUM_CONVERSION = YES;
				CLANG_WARN_INFINITE_RECURSION = YES;
				CLANG_WARN_INT_CONVERSION = YES;
				CLANG_WARN_NON_LITERAL_NULL_CONVERSION = YES;
				CLANG_WARN_OBJC_IMPLICIT_RETAIN_SELF = YES;
				CLANG_WARN_OBJC_LITERAL_CONVERSION = YES;
				CLANG_WARN_OBJC_ROOT_CLASS = YES_ERROR;
				CLANG_WARN_QUOTED_INCLUDE_IN_FRAMEWORK_HEADER = YES;
				CLANG_WARN_RANGE_LOOP_ANALYSIS = YES;
				CLANG_WARN_STRICT_PROTOTYPES = YES;
				CLANG_WARN_SUSPICIOUS_MOVE = YES;
				CLANG_WARN_UNGUARDED_AVAILABILITY = YES_AGGRESSIVE;
				CLANG_WARN_UNREACHABLE_CODE = YES;
				CLANG_WARN__DUPLICATE_METHOD_MATCH = YES;
				COPY_PHASE_STRIP = NO;
				DEBUG_INFORMATION_FORMAT = "dwarf-with-dsym";
				ENABLE_NS_ASSERTIONS = NO;
				ENABLE_STRICT_OBJC_MSGSEND = YES;
				GCC_C_LANGUAGE_STANDARD = gnu11;
				GCC_NO_COMMON_BLOCKS = YES;
				GCC_WARN_64_TO_32_BIT_CONVERSION = YES;
				GCC_WARN_ABOUT_RETURN_TYPE = YES_ERROR;
				GCC_WARN_UNDECLARED_SELECTOR = YES;
				GCC_WARN_UNINITIALIZED_AUTOS = YES_AGGRESSIVE;
				GCC_WARN_UNUSED_FUNCTION = YES;
				GCC_WARN_UNUSED_VARIABLE = YES;
				IPHONEOS_DEPLOYMENT_TARGET = 15.4;
				MTL_ENABLE_DEBUG_INFO = NO;
				MTL_FAST_MATH = YES;
				SDKROOT = iphoneos;
				SWIFT_COMPILATION_MODE = wholemodule;
				SWIFT_OPTIMIZATION_LEVEL = "-O";
				VALIDATE_PRODUCT = YES;
			};
			name = Release;
		};
		89C04E2B28B0437600612DF0 /* Debug */ = {
			isa = XCBuildConfiguration;
			buildSettings = {
				ASSETCATALOG_COMPILER_APPICON_NAME = AppIcon;
				ASSETCATALOG_COMPILER_GLOBAL_ACCENT_COLOR_NAME = AccentColor;
				CODE_SIGN_STYLE = Automatic;
				CURRENT_PROJECT_VERSION = 1;
				DEVELOPMENT_TEAM = 3FP9A2A7KZ;
				GENERATE_INFOPLIST_FILE = YES;
				INFOPLIST_FILE = "junction-dabda/Info.plist";
				INFOPLIST_KEY_UIApplicationSupportsIndirectInputEvents = YES;
				INFOPLIST_KEY_UILaunchStoryboardName = LaunchScreen;
				INFOPLIST_KEY_UIMainStoryboardFile = Main;
				INFOPLIST_KEY_UISupportedInterfaceOrientations_iPad = "UIInterfaceOrientationPortrait UIInterfaceOrientationPortraitUpsideDown UIInterfaceOrientationLandscapeLeft UIInterfaceOrientationLandscapeRight";
				INFOPLIST_KEY_UISupportedInterfaceOrientations_iPhone = "UIInterfaceOrientationPortrait UIInterfaceOrientationLandscapeLeft UIInterfaceOrientationLandscapeRight";
				LD_RUNPATH_SEARCH_PATHS = (
					"$(inherited)",
					"@executable_path/Frameworks",
				);
				MARKETING_VERSION = 1.0;
				PRODUCT_BUNDLE_IDENTIFIER = "seoyoung-lee.junction-dabda";
				PRODUCT_NAME = "$(TARGET_NAME)";
				SWIFT_EMIT_LOC_STRINGS = YES;
				SWIFT_VERSION = 5.0;
				TARGETED_DEVICE_FAMILY = "1,2";
			};
			name = Debug;
		};
		89C04E2C28B0437600612DF0 /* Release */ = {
			isa = XCBuildConfiguration;
			buildSettings = {
				ASSETCATALOG_COMPILER_APPICON_NAME = AppIcon;
				ASSETCATALOG_COMPILER_GLOBAL_ACCENT_COLOR_NAME = AccentColor;
				CODE_SIGN_STYLE = Automatic;
				CURRENT_PROJECT_VERSION = 1;
				DEVELOPMENT_TEAM = 3FP9A2A7KZ;
				GENERATE_INFOPLIST_FILE = YES;
				INFOPLIST_FILE = "junction-dabda/Info.plist";
				INFOPLIST_KEY_UIApplicationSupportsIndirectInputEvents = YES;
				INFOPLIST_KEY_UILaunchStoryboardName = LaunchScreen;
				INFOPLIST_KEY_UIMainStoryboardFile = Main;
				INFOPLIST_KEY_UISupportedInterfaceOrientations_iPad = "UIInterfaceOrientationPortrait UIInterfaceOrientationPortraitUpsideDown UIInterfaceOrientationLandscapeLeft UIInterfaceOrientationLandscapeRight";
				INFOPLIST_KEY_UISupportedInterfaceOrientations_iPhone = "UIInterfaceOrientationPortrait UIInterfaceOrientationLandscapeLeft UIInterfaceOrientationLandscapeRight";
				LD_RUNPATH_SEARCH_PATHS = (
					"$(inherited)",
					"@executable_path/Frameworks",
				);
				MARKETING_VERSION = 1.0;
				PRODUCT_BUNDLE_IDENTIFIER = "seoyoung-lee.junction-dabda";
				PRODUCT_NAME = "$(TARGET_NAME)";
				SWIFT_EMIT_LOC_STRINGS = YES;
				SWIFT_VERSION = 5.0;
				TARGETED_DEVICE_FAMILY = "1,2";
			};
			name = Release;
		};
/* End XCBuildConfiguration section */

/* Begin XCConfigurationList section */
		89C04E1128B0437300612DF0 /* Build configuration list for PBXProject "junction-dabda" */ = {
			isa = XCConfigurationList;
			buildConfigurations = (
				89C04E2828B0437600612DF0 /* Debug */,
				89C04E2928B0437600612DF0 /* Release */,
			);
			defaultConfigurationIsVisible = 0;
			defaultConfigurationName = Release;
		};
		89C04E2A28B0437600612DF0 /* Build configuration list for PBXNativeTarget "junction-dabda" */ = {
			isa = XCConfigurationList;
			buildConfigurations = (
				89C04E2B28B0437600612DF0 /* Debug */,
				89C04E2C28B0437600612DF0 /* Release */,
			);
			defaultConfigurationIsVisible = 0;
			defaultConfigurationName = Release;
		};
/* End XCConfigurationList section */

/* Begin XCRemoteSwiftPackageReference section */
		89BFCFBF28B160EB00D3CA6F /* XCRemoteSwiftPackageReference "Alamofire" */ = {
			isa = XCRemoteSwiftPackageReference;
			repositoryURL = "https://github.com/Alamofire/Alamofire.git";
			requirement = {
				branch = master;
				kind = branch;
			};
		};
/* End XCRemoteSwiftPackageReference section */

/* Begin XCSwiftPackageProductDependency section */
		89BFCFC028B160EB00D3CA6F /* Alamofire */ = {
			isa = XCSwiftPackageProductDependency;
			package = 89BFCFBF28B160EB00D3CA6F /* XCRemoteSwiftPackageReference "Alamofire" */;
			productName = Alamofire;
		};
/* End XCSwiftPackageProductDependency section */
	};
	rootObject = 89C04E0E28B0437300612DF0 /* Project object */;
}
